{
  "nodes": {
    "nixpkgs": {
      "locked": {
        "lastModified": 1701282334,
        "narHash": "sha256-MxCVrXY6v4QmfTwIysjjaX0XUhqBbxTWWB4HXtDYsdk=",
        "owner": "NixOS",
        "repo": "nixpkgs",
        "rev": "057f9aecfb71c4437d2b27d3323df7f93c010b7e",
        "type": "github"
      },
      "original": {
        "id": "nixpkgs",
        "ref": "23.11",
        "type": "indirect"
      }
    },
    "nixpkgs_19_09": {
      "flake": false,
      "locked": {
        "lastModified": 1570630026,
        "narHash": "sha256-IjHyx3uz9jYBh5R9v6lea5Hd/F6iYTBcyHkXHwSGGFY=",
        "owner": "NixOS",
        "repo": "nixpkgs",
        "rev": "d5291756487d70bc336e33512a9baf9fa1788faf",
        "type": "github"
      },
      "original": {
        "id": "nixpkgs",
        "ref": "19.09",
        "type": "indirect"
      }
    },
    "root": {
      "inputs": {
        "nixpkgs": "nixpkgs",
        "nixpkgs_19_09": "nixpkgs_19_09"
      }
    }
  },
  "root": "root",
  "version": 7
}
