{
  "nodes": {
    "nixpkgs_19_09": {
      "flake": false,
      "locked": {
        "lastModified": 1651478084,
        "narHash": "sha256-D7cdxq0k9dYeM/IJEF2UqaDgC0dYqHd3DEvWMN3h054=",
        "owner": "NixOS",
        "repo": "nixpkgs",
        "rev": "b704c6f06699510f6bf7eb6e3c8f19ee1b70af4e",
        "type": "github"
      },
      "original": {
        "id": "nixpkgs",
        "ref": "release-19.09",
        "type": "indirect"
      }
    },
    "nixpkgs_23_11": {
      "locked": {
        "lastModified": 1720535198,
        "narHash": "sha256-zwVvxrdIzralnSbcpghA92tWu2DV2lwv89xZc8MTrbg=",
        "owner": "NixOS",
        "repo": "nixpkgs",
        "rev": "205fd4226592cc83fd4c0885a3e4c9c400efabb5",
        "type": "github"
      },
      "original": {
        "id": "nixpkgs",
        "ref": "release-23.11",
        "type": "indirect"
      }
    },
    "root": {
      "inputs": {
        "nixpkgs_19_09": "nixpkgs_19_09",
        "nixpkgs_23_11": "nixpkgs_23_11"
      }
    }
  },
  "root": "root",
  "version": 7
}
